
Microsoft Visual Studio Solution File, Format Version 12.00
# Visual Studio Version 17
VisualStudioVersion = 17.2.32602.215
MinimumVisualStudioVersion = 10.0.40219.1
Project("{FAE04EC0-301F-11D3-BF4B-00C04F79EFBC}") = "Converte.WebApi.Moeda", "Converte.WebApi.Moeda\Converte.WebApi.Moeda.csproj", "{16686019-5A6D-4A1C-9328-526F53C55066}"
EndProject
Global
	GlobalSection(SolutionConfigurationPlatforms) = preSolution
		Debug|Any CPU = Debug|Any CPU
		Release|Any CPU = Release|Any CPU
	EndGlobalSection
	GlobalSection(ProjectConfigurationPlatforms) = postSolution
		{16686019-5A6D-4A1C-9328-526F53C55066}.Debug|Any CPU.ActiveCfg = Debug|Any CPU
		{16686019-5A6D-4A1C-9328-526F53C55066}.Debug|Any CPU.Build.0 = Debug|Any CPU
		{16686019-5A6D-4A1C-9328-526F53C55066}.Release|Any CPU.ActiveCfg = Release|Any CPU
		{16686019-5A6D-4A1C-9328-526F53C55066}.Release|Any CPU.Build.0 = Release|Any CPU
	EndGlobalSection
	GlobalSection(SolutionProperties) = preSolution
		HideSolutionNode = FALSE
	EndGlobalSection
	GlobalSection(ExtensibilityGlobals) = postSolution
		SolutionGuid = {E8BCBD06-3A53-43DD-8125-A3F757104FBD}
	EndGlobalSection
EndGlobal
